{
  "version": "4",
  "remote": {
    "https://esm.sh/coap@0.26.0": "af0d9241de5e876f5bd66fecd1a9aad739d7d4ee5ff2ed37ebbad92846d534c7",
    "https://esm.sh/v135/bl@5.1.0/denonext/bl.mjs": "6b5c64ddd4dc8eeed323895dd3a2be5dd6dfa1c69c0ea81601c1c8ae1ee5203d",
    "https://esm.sh/v135/capitalize@2.0.4/denonext/capitalize.mjs": "28589c9282df034658df45689e9f2087c235414866ddf39b064168c5583eed2e",
    "https://esm.sh/v135/coap-packet@1.1.1/denonext/coap-packet.mjs": "e5303c8bce8ab11440c28c7f13e26a71063b11f54fae4fa29326f82528853f1c",
    "https://esm.sh/v135/coap@0.26.0/denonext/coap.mjs": "460931e5a7345e27d55f3f90dae61b425e0c3514bd9f305c33a1815b02cc89f4",
    "https://esm.sh/v135/debug@4.3.7/denonext/debug.mjs": "83a87de38124da10cfb7a9ee1d8a643bdb90f29191e5bd7d2ef98c172cc5223a",
    "https://esm.sh/v135/fastseries@2.0.0/denonext/fastseries.mjs": "073dddd88be7ddfeb41857d53a9980f0d769fd34114d41494a36366d6f5da001",
    "https://esm.sh/v135/inherits@2.0.4/denonext/inherits.mjs": "8095f3d6aea060c904fb24ae50f2882779c0acbe5d56814514c8b5153f3b4b3b",
    "https://esm.sh/v135/lru-cache@6.0.0/denonext/lru-cache.mjs": "a2d6b3fe3b7dd1b9c5730c73fe10717741084e0bf2bc1edf68d555ed708f4668",
    "https://esm.sh/v135/ms@2.1.3/denonext/ms.mjs": "0f06597e493998793b8f52232868976128fca326eec3bcd56f10e66e6efd1839",
    "https://esm.sh/v135/readable-stream@3.6.2/denonext/readable-stream.mjs": "35fc04c3200b796d676d0e83607fcfc150048bdcc5bdb7d5d836b5921049788f",
    "https://esm.sh/v135/util-deprecate@1.0.2/denonext/util-deprecate.mjs": "f69f67cf655c38428b0934e0f7c865c055834a87cc3866b629d6b2beb21005e9",
    "https://esm.sh/v135/yallist@4.0.0/denonext/yallist.mjs": "61f180d807dda50bac17028eda05d5722a3fecef6e98a9064e2353ea6864fd82"
  }
}
